
Microsoft Visual Studio Solution File, Format Version 12.00
# Visual Studio Version 16
VisualStudioVersion = 16.0.31402.337
MinimumVisualStudioVersion = 10.0.40219.1
Project("{FAE04EC0-301F-11D3-BF4B-00C04F79EFBC}") = "Inq.Coffeemachine", "Inq.Coffeemachine\Inq.Coffeemachine.csproj", "{D0AE50BF-63E2-45BE-BAA6-53D6EE8E7718}"
EndProject
Project("{FAE04EC0-301F-11D3-BF4B-00C04F79EFBC}") = "Test", "Test\Test.csproj", "{1233D3F6-E288-435D-B9D8-67EF2F97895D}"
EndProject
Project("{FAE04EC0-301F-11D3-BF4B-00C04F79EFBC}") = "InQba.Libs", "InQba.Libs\InQba.Libs.csproj", "{A88EADDA-67F4-4595-8810-335874BDE497}"
EndProject
Global
	GlobalSection(SolutionConfigurationPlatforms) = preSolution
		Debug|Any CPU = Debug|Any CPU
		Release|Any CPU = Release|Any CPU
	EndGlobalSection
	GlobalSection(ProjectConfigurationPlatforms) = postSolution
		{D0AE50BF-63E2-45BE-BAA6-53D6EE8E7718}.Debug|Any CPU.ActiveCfg = Debug|Any CPU
		{D0AE50BF-63E2-45BE-BAA6-53D6EE8E7718}.Debug|Any CPU.Build.0 = Debug|Any CPU
		{D0AE50BF-63E2-45BE-BAA6-53D6EE8E7718}.Release|Any CPU.ActiveCfg = Release|Any CPU
		{D0AE50BF-63E2-45BE-BAA6-53D6EE8E7718}.Release|Any CPU.Build.0 = Release|Any CPU
		{1233D3F6-E288-435D-B9D8-67EF2F97895D}.Debug|Any CPU.ActiveCfg = Debug|Any CPU
		{1233D3F6-E288-435D-B9D8-67EF2F97895D}.Debug|Any CPU.Build.0 = Debug|Any CPU
		{1233D3F6-E288-435D-B9D8-67EF2F97895D}.Release|Any CPU.ActiveCfg = Release|Any CPU
		{1233D3F6-E288-435D-B9D8-67EF2F97895D}.Release|Any CPU.Build.0 = Release|Any CPU
		{A88EADDA-67F4-4595-8810-335874BDE497}.Debug|Any CPU.ActiveCfg = Debug|Any CPU
		{A88EADDA-67F4-4595-8810-335874BDE497}.Debug|Any CPU.Build.0 = Debug|Any CPU
		{A88EADDA-67F4-4595-8810-335874BDE497}.Release|Any CPU.ActiveCfg = Release|Any CPU
		{A88EADDA-67F4-4595-8810-335874BDE497}.Release|Any CPU.Build.0 = Release|Any CPU
	EndGlobalSection
	GlobalSection(SolutionProperties) = preSolution
		HideSolutionNode = FALSE
	EndGlobalSection
	GlobalSection(ExtensibilityGlobals) = postSolution
		SolutionGuid = {CFEC13C4-4279-44BF-828E-356A984490A6}
	EndGlobalSection
EndGlobal
